
Microsoft Visual Studio Solution File, Format Version 12.00
# Visual Studio Version 17
VisualStudioVersion = 17.10.35004.147
MinimumVisualStudioVersion = 10.0.40219.1
Project("{9A19103F-16F7-4668-BE54-9A1E7A4F7556}") = "TaskManagement.Host", "src\Host\TaskManagement.Host.csproj", "{65C8F26B-BB6D-4D93-BF10-BE96787E5CE1}"
EndProject
Project("{2150E333-8FDC-42A3-9474-1A3956D46DE8}") = "src", "src", "{1961CC97-B9E6-4C38-B111-5FEFCF2DDE38}"
EndProject
Project("{2150E333-8FDC-42A3-9474-1A3956D46DE8}") = "Host", "Host", "{DCF37ECF-ACF5-4886-9492-F66495043FDE}"
EndProject
Project("{2150E333-8FDC-42A3-9474-1A3956D46DE8}") = "Core", "Core", "{671119FE-C405-4E6A-8D7F-967D18EE68F0}"
EndProject
Project("{2150E333-8FDC-42A3-9474-1A3956D46DE8}") = "Infrastructure", "Infrastructure", "{0F329D3E-95CA-426F-8196-8D197A7E2E29}"
EndProject
Project("{2150E333-8FDC-42A3-9474-1A3956D46DE8}") = "Application", "Application", "{110B222A-DF4D-418F-8133-EAE849BE56C5}"
EndProject
Project("{2150E333-8FDC-42A3-9474-1A3956D46DE8}") = "Domain", "Domain", "{78AB6970-9E69-4F61-81E0-E22C28CC4769}"
EndProject
Project("{9A19103F-16F7-4668-BE54-9A1E7A4F7556}") = "TaskManagement.Application", "src\Core\Application\TaskManagement.Application.csproj", "{5F073322-4FFE-4A68-B25B-07A9AD16E182}"
EndProject
Project("{9A19103F-16F7-4668-BE54-9A1E7A4F7556}") = "TaskManagement.Domain", "src\Core\Domain\TaskManagement.Domain.csproj", "{A133751C-289D-4BF8-BE47-F12FDF47F053}"
EndProject
Project("{9A19103F-16F7-4668-BE54-9A1E7A4F7556}") = "TaskManagement.Infrastructure", "src\Infrastructure\TaskManagement.Infrastructure.csproj", "{C90E85F1-97AB-41FC-85C9-C1EA9EC31BD6}"
EndProject
Project("{2150E333-8FDC-42A3-9474-1A3956D46DE8}") = "Shared", "Shared", "{49A26023-DA48-4762-959B-A4010A1DDAC0}"
EndProject
Project("{9A19103F-16F7-4668-BE54-9A1E7A4F7556}") = "TaskManagement.Shared", "src\Core\Shared\TaskManagement.Shared.csproj", "{A32A273B-DC03-4C98-8C6D-71A219403536}"
EndProject
Global
	GlobalSection(SolutionConfigurationPlatforms) = preSolution
		Debug|Any CPU = Debug|Any CPU
		Release|Any CPU = Release|Any CPU
	EndGlobalSection
	GlobalSection(ProjectConfigurationPlatforms) = postSolution
		{65C8F26B-BB6D-4D93-BF10-BE96787E5CE1}.Debug|Any CPU.ActiveCfg = Debug|Any CPU
		{65C8F26B-BB6D-4D93-BF10-BE96787E5CE1}.Debug|Any CPU.Build.0 = Debug|Any CPU
		{65C8F26B-BB6D-4D93-BF10-BE96787E5CE1}.Release|Any CPU.ActiveCfg = Release|Any CPU
		{65C8F26B-BB6D-4D93-BF10-BE96787E5CE1}.Release|Any CPU.Build.0 = Release|Any CPU
		{5F073322-4FFE-4A68-B25B-07A9AD16E182}.Debug|Any CPU.ActiveCfg = Debug|Any CPU
		{5F073322-4FFE-4A68-B25B-07A9AD16E182}.Debug|Any CPU.Build.0 = Debug|Any CPU
		{5F073322-4FFE-4A68-B25B-07A9AD16E182}.Release|Any CPU.ActiveCfg = Release|Any CPU
		{5F073322-4FFE-4A68-B25B-07A9AD16E182}.Release|Any CPU.Build.0 = Release|Any CPU
		{A133751C-289D-4BF8-BE47-F12FDF47F053}.Debug|Any CPU.ActiveCfg = Debug|Any CPU
		{A133751C-289D-4BF8-BE47-F12FDF47F053}.Debug|Any CPU.Build.0 = Debug|Any CPU
		{A133751C-289D-4BF8-BE47-F12FDF47F053}.Release|Any CPU.ActiveCfg = Release|Any CPU
		{A133751C-289D-4BF8-BE47-F12FDF47F053}.Release|Any CPU.Build.0 = Release|Any CPU
		{C90E85F1-97AB-41FC-85C9-C1EA9EC31BD6}.Debug|Any CPU.ActiveCfg = Debug|Any CPU
		{C90E85F1-97AB-41FC-85C9-C1EA9EC31BD6}.Debug|Any CPU.Build.0 = Debug|Any CPU
		{C90E85F1-97AB-41FC-85C9-C1EA9EC31BD6}.Release|Any CPU.ActiveCfg = Release|Any CPU
		{C90E85F1-97AB-41FC-85C9-C1EA9EC31BD6}.Release|Any CPU.Build.0 = Release|Any CPU
		{A32A273B-DC03-4C98-8C6D-71A219403536}.Debug|Any CPU.ActiveCfg = Debug|Any CPU
		{A32A273B-DC03-4C98-8C6D-71A219403536}.Debug|Any CPU.Build.0 = Debug|Any CPU
		{A32A273B-DC03-4C98-8C6D-71A219403536}.Release|Any CPU.ActiveCfg = Release|Any CPU
		{A32A273B-DC03-4C98-8C6D-71A219403536}.Release|Any CPU.Build.0 = Release|Any CPU
	EndGlobalSection
	GlobalSection(SolutionProperties) = preSolution
		HideSolutionNode = FALSE
	EndGlobalSection
	GlobalSection(NestedProjects) = preSolution
		{65C8F26B-BB6D-4D93-BF10-BE96787E5CE1} = {DCF37ECF-ACF5-4886-9492-F66495043FDE}
		{DCF37ECF-ACF5-4886-9492-F66495043FDE} = {1961CC97-B9E6-4C38-B111-5FEFCF2DDE38}
		{671119FE-C405-4E6A-8D7F-967D18EE68F0} = {1961CC97-B9E6-4C38-B111-5FEFCF2DDE38}
		{0F329D3E-95CA-426F-8196-8D197A7E2E29} = {1961CC97-B9E6-4C38-B111-5FEFCF2DDE38}
		{110B222A-DF4D-418F-8133-EAE849BE56C5} = {671119FE-C405-4E6A-8D7F-967D18EE68F0}
		{78AB6970-9E69-4F61-81E0-E22C28CC4769} = {671119FE-C405-4E6A-8D7F-967D18EE68F0}
		{5F073322-4FFE-4A68-B25B-07A9AD16E182} = {110B222A-DF4D-418F-8133-EAE849BE56C5}
		{A133751C-289D-4BF8-BE47-F12FDF47F053} = {78AB6970-9E69-4F61-81E0-E22C28CC4769}
		{C90E85F1-97AB-41FC-85C9-C1EA9EC31BD6} = {0F329D3E-95CA-426F-8196-8D197A7E2E29}
		{49A26023-DA48-4762-959B-A4010A1DDAC0} = {671119FE-C405-4E6A-8D7F-967D18EE68F0}
		{A32A273B-DC03-4C98-8C6D-71A219403536} = {49A26023-DA48-4762-959B-A4010A1DDAC0}
	EndGlobalSection
	GlobalSection(ExtensibilityGlobals) = postSolution
		SolutionGuid = {8F0FC134-96A2-4210-9B49-B28FAEAD2E6B}
	EndGlobalSection
EndGlobal
